{
  "name": "core",
  "version": "1.0.0",
  "lockfileVersion": 3,
  "requires": true,
  "packages": {
    "": {
      "name": "core",
      "version": "1.0.0",
      "license": "ISC",
      "devDependencies": {
        "@nomicfoundation/hardhat-ignition": "^3.0.3",
        "@nomicfoundation/hardhat-toolbox-mocha-ethers": "^3.0.0",
        "@types/chai": "^4.3.20",
        "@types/chai-as-promised": "^8.0.2",
        "@types/mocha": "^10.0.10",
        "@types/node": "^22.18.1",
        "chai": "^5.3.3",
        "ethers": "^6.15.0",
        "forge-std": "github:foundry-rs/forge-std#v1.9.4",
        "hardhat": "^3.0.6",
        "mocha": "^11.7.2",
        "typescript": "~5.8.3"
      }
    },
    "../../node_modules/.pnpm/@nomicfoundation+hardhat-ignition@3.0.3_@nomicfoundation+hardhat-verify@3.0.2_hardhat@3_5722f12c6a879bf35e299503a49b8be3/node_modules/@nomicfoundation/hardhat-ignition": {
      "version": "3.0.3",
      "dev": true,
      "license": "MIT",
      "dependencies": {
        "@nomicfoundation/hardhat-errors": "^3.0.2",
        "@nomicfoundation/hardhat-utils": "^3.0.1",
        "@nomicfoundation/ignition-core": "^3.0.3",
        "@nomicfoundation/ignition-ui": "^3.0.3",
        "chalk": "^5.3.0",
        "debug": "^4.3.2",
        "json5": "^2.2.3",
        "prompts": "^2.4.2"
      },
      "devDependencies": {
        "@istanbuljs/nyc-config-typescript": "1.0.2",
        "@nomicfoundation/hardhat-network-helpers": "^3.0.0",
        "@nomicfoundation/hardhat-test-utils": "^2.0.1",
        "@types/chai": "^4.2.0",
        "@types/chai-as-promised": "^8.0.1",
        "@types/debug": "^4.1.7",
        "@types/mocha": ">=10.0.10",
        "@types/node": "^20.14.9",
        "@types/prompts": "^2.4.2",
        "@types/sinon": "^10.0.13",
        "chai": "^5.1.2",
        "chai-as-promised": "^8.0.0",
        "cross-env": "7.0.3",
        "eslint": "9.25.1",
        "hardhat": "^3.0.0",
        "mocha": "^11.0.0",
        "nyc": "15.1.0",
        "prettier": "3.2.5",
        "rimraf": "^5.0.5",
        "sinon": "^14.0.0",
        "ts-node": "10.9.2",
        "typescript": "~5.8.0",
        "viem": "^2.30.0"
      },
      "peerDependencies": {
        "@nomicfoundation/hardhat-verify": "^3.0.0",
        "hardhat": "^3.0.0"
      }
    },
    "../../node_modules/.pnpm/@nomicfoundation+hardhat-toolbox-mocha-ethers@3.0.0_6e1b23fa97d891c7c17ed060e2a71284/node_modules/@nomicfoundation/hardhat-toolbox-mocha-ethers": {
      "version": "3.0.0",
      "dev": true,
      "license": "MIT",
      "devDependencies": {
        "@nomicfoundation/hardhat-ethers": "^4.0.0",
        "@nomicfoundation/hardhat-ethers-chai-matchers": "^3.0.0",
        "@nomicfoundation/hardhat-ignition": "^3.0.0",
        "@nomicfoundation/hardhat-ignition-ethers": "^3.0.0",
        "@nomicfoundation/hardhat-keystore": "^3.0.0",
        "@nomicfoundation/hardhat-mocha": "^3.0.0",
        "@nomicfoundation/hardhat-network-helpers": "^3.0.0",
        "@nomicfoundation/hardhat-node-test-reporter": "^3.0.0",
        "@nomicfoundation/hardhat-test-utils": "^2.0.1",
        "@nomicfoundation/hardhat-typechain": "^3.0.0",
        "@nomicfoundation/hardhat-utils": "^3.0.0",
        "@nomicfoundation/hardhat-verify": "^3.0.0",
        "@nomicfoundation/ignition-core": "^3.0.0",
        "@types/chai": "^4.2.0",
        "@types/node": "^20.14.9",
        "c8": "^9.1.0",
        "chai": "^5.1.2",
        "eslint": "9.25.1",
        "ethers": "^6.14.0",
        "expect-type": "^1.2.1",
        "prettier": "3.2.5",
        "rimraf": "^5.0.5",
        "tsx": "^4.19.3",
        "typescript": "~5.8.0"
      },
      "peerDependencies": {
        "@nomicfoundation/hardhat-ethers": "^4.0.0",
        "@nomicfoundation/hardhat-ethers-chai-matchers": "^3.0.0",
        "@nomicfoundation/hardhat-ignition": "^3.0.0",
        "@nomicfoundation/hardhat-ignition-ethers": "^3.0.0",
        "@nomicfoundation/hardhat-keystore": "^3.0.0",
        "@nomicfoundation/hardhat-mocha": "^3.0.0",
        "@nomicfoundation/hardhat-network-helpers": "^3.0.0",
        "@nomicfoundation/hardhat-typechain": "^3.0.0",
        "@nomicfoundation/hardhat-verify": "^3.0.0",
        "@nomicfoundation/ignition-core": "^3.0.0",
        "chai": "^5.1.2",
        "ethers": "^6.14.0",
        "hardhat": "^3.0.0"
      }
    },
    "../../node_modules/.pnpm/@types+chai-as-promised@8.0.2/node_modules/@types/chai-as-promised": {
      "version": "8.0.2",
      "dev": true,
      "license": "MIT",
      "dependencies": {
        "@types/chai": "*"
      }
    },
    "../../node_modules/.pnpm/@types+chai@4.3.20/node_modules/@types/chai": {
      "version": "4.3.20",
      "dev": true,
      "license": "MIT"
    },
    "../../node_modules/.pnpm/@types+node@22.18.3/node_modules/@types/node": {
      "version": "22.18.3",
      "dev": true,
      "license": "MIT",
      "dependencies": {
        "undici-types": "~6.21.0"
      }
    },
    "../../node_modules/.pnpm/chai@5.3.3/node_modules/chai": {
      "version": "5.3.3",
      "dev": true,
      "license": "MIT",
      "dependencies": {
        "assertion-error": "^2.0.1",
        "check-error": "^2.1.1",
        "deep-eql": "^5.0.1",
        "loupe": "^3.1.0",
        "pathval": "^2.0.0"
      },
      "devDependencies": {
        "@eslint/js": "^9.17.0",
        "@rollup/plugin-commonjs": "^25.0.7",
        "@web/dev-server-rollup": "^0.6.1",
        "@web/test-runner": "^0.18.0",
        "@web/test-runner-playwright": "^0.11.0",
        "c8": "^10.1.3",
        "esbuild": "^0.25.9",
        "eslint": "^8.56.0",
        "eslint-plugin-jsdoc": "^48.0.4",
        "mocha": "^10.2.0",
        "prettier": "^3.4.2",
        "typescript": "~5.7.3"
      },
      "engines": {
        "node": ">=18"
      }
    },
    "../../node_modules/.pnpm/ethers@6.15.0_bufferutil@4.0.9_utf-8-validate@5.0.10/node_modules/ethers": {
      "version": "6.15.0",
      "dev": true,
      "funding": [
        {
          "type": "individual",
          "url": "https://github.com/sponsors/ethers-io/"
        },
        {
          "type": "individual",
          "url": "https://www.buymeacoffee.com/ricmoo"
        }
      ],
      "license": "MIT",
      "dependencies": {
        "@adraffy/ens-normalize": "1.10.1",
        "@noble/curves": "1.2.0",
        "@noble/hashes": "1.3.2",
        "@types/node": "22.7.5",
        "aes-js": "4.0.0-beta.5",
        "tslib": "2.7.0",
        "ws": "8.17.1"
      },
      "devDependencies": {
        "@rollup/plugin-node-resolve": "15.3.0",
        "@types/mocha": "10.0.9",
        "@types/semver": "7.5.8",
        "c8": "7.12.0",
        "mocha": "10.7.3",
        "rollup": "4.24.0",
        "semver": "7.6.3",
        "typescript": "5.0.4",
        "uglify-js": "3.19.3"
      },
      "engines": {
        "node": ">=14.0.0"
      }
    },
    "../../node_modules/.pnpm/hardhat@3.0.6_bufferutil@4.0.9_utf-8-validate@5.0.10/node_modules/hardhat": {
      "version": "3.0.6",
      "dev": true,
      "license": "MIT",
      "dependencies": {
        "@nomicfoundation/edr": "0.12.0-next.5",
        "@nomicfoundation/hardhat-errors": "^3.0.2",
        "@nomicfoundation/hardhat-utils": "^3.0.2",
        "@nomicfoundation/hardhat-zod-utils": "^3.0.1",
        "@nomicfoundation/solidity-analyzer": "^0.1.1",
        "@sentry/core": "^9.4.0",
        "adm-zip": "^0.4.16",
        "chalk": "^5.3.0",
        "debug": "^4.3.2",
        "enquirer": "^2.3.0",
        "ethereum-cryptography": "^2.2.1",
        "micro-eth-signer": "^0.14.0",
        "p-map": "^7.0.2",
        "resolve.exports": "^2.0.3",
        "semver": "^7.6.3",
        "tsx": "^4.19.3",
        "ws": "^8.18.0",
        "zod": "^3.23.8"
      },
      "bin": {
        "hardhat": "dist/src/cli.js"
      },
      "devDependencies": {
        "@nomicfoundation/hardhat-node-test-reporter": "^3.0.0",
        "@nomicfoundation/hardhat-test-utils": "^2.0.1",
        "@types/adm-zip": "^0.5.5",
        "@types/debug": "^4.1.7",
        "@types/node": "^20.14.9",
        "@types/semver": "^7.5.8",
        "@types/ws": "^8.5.13",
        "c8": "^9.1.0",
        "eslint": "9.25.1",
        "expect-type": "^1.2.1",
        "prettier": "3.2.5",
        "rimraf": "^5.0.5",
        "typescript": "~5.8.0"
      }
    },
    "../../node_modules/.pnpm/mocha@11.7.2/node_modules/mocha": {
      "version": "11.7.2",
      "dev": true,
      "license": "MIT",
      "dependencies": {
        "browser-stdout": "^1.3.1",
        "chokidar": "^4.0.1",
        "debug": "^4.3.5",
        "diff": "^7.0.0",
        "escape-string-regexp": "^4.0.0",
        "find-up": "^5.0.0",
        "glob": "^10.4.5",
        "he": "^1.2.0",
        "js-yaml": "^4.1.0",
        "log-symbols": "^4.1.0",
        "minimatch": "^9.0.5",
        "ms": "^2.1.3",
        "picocolors": "^1.1.1",
        "serialize-javascript": "^6.0.2",
        "strip-json-comments": "^3.1.1",
        "supports-color": "^8.1.1",
        "workerpool": "^9.2.0",
        "yargs": "^17.7.2",
        "yargs-parser": "^21.1.1",
        "yargs-unparser": "^2.0.0"
      },
      "bin": {
        "_mocha": "bin/_mocha",
        "mocha": "bin/mocha.js"
      },
      "devDependencies": {
        "@11ty/eleventy": "^1.0.0",
        "@11ty/eleventy-plugin-inclusive-language": "^1.0.3",
        "@eslint/js": "^8.56.0",
        "@mocha/docdash": "^4.0.1",
        "@rollup/plugin-alias": "^5.1.1",
        "@rollup/plugin-commonjs": "^21.0.2",
        "@rollup/plugin-json": "^4.1.0",
        "@rollup/plugin-multi-entry": "^4.0.1",
        "@rollup/plugin-node-resolve": "^13.1.3",
        "@test/esm-only-loader": "./test/compiler-fixtures/esm-only-loader",
        "@types/node": "^22.15.3",
        "@types/yargs": "^17.0.33",
        "chai": "^4.3.4",
        "coffeescript": "^2.6.1",
        "cross-env": "^7.0.2",
        "eslint": "^8.56.0",
        "eslint-plugin-n": "^17.15.1",
        "fail-on-errors-webpack-plugin": "^3.0.0",
        "globals": "^13.24.0",
        "http-server": "^14.1.1",
        "installed-check": "^9.3.0",
        "jsdoc": "^3.6.7",
        "jsdoc-ts-utils": "^2.0.1",
        "karma": "^6.4.2",
        "karma-chrome-launcher": "^3.2.0",
        "karma-mocha": "^2.0.1",
        "karma-mocha-reporter": "^2.2.5",
        "karma-sauce-launcher": "^4.3.6",
        "knip": "^5.61.3",
        "markdown-it": "^12.3.2",
        "markdown-it-anchor": "^8.4.1",
        "markdown-it-attrs": "^4.1.3",
        "markdown-it-emoji": "^2.0.0",
        "markdown-it-prism": "^2.2.2",
        "markdown-toc": "^1.2.0",
        "markdownlint-cli": "^0.30.0",
        "needle": "^2.5.0",
        "npm-run-all2": "^6.2.0",
        "nyc": "^15.1.0",
        "pidtree": "^0.5.0",
        "prettier": "^2.4.1",
        "remark": "^14.0.2",
        "remark-github": "^11.2.2",
        "remark-inline-links": "^6.0.1",
        "rewiremock": "^3.14.3",
        "rimraf": "^3.0.2",
        "rollup": "^2.70.1",
        "rollup-plugin-node-globals": "^1.4.0",
        "rollup-plugin-polyfill-node": "^0.8.0",
        "rollup-plugin-visualizer": "^5.6.0",
        "semver": "^7.7.2",
        "sinon": "^9.0.3",
        "typescript": "^5.8.3",
        "unexpected": "^11.14.0",
        "unexpected-eventemitter": "^2.2.0",
        "unexpected-map": "^2.0.0",
        "unexpected-set": "^3.0.0",
        "unexpected-sinon": "^10.11.2",
        "uslug": "^1.0.4",
        "webpack": "^5.67.0",
        "webpack-cli": "^4.9.1"
      },
      "engines": {
        "node": "^18.18.0 || ^20.9.0 || >=21.1.0"
      }
    },
    "../../node_modules/.pnpm/typescript@5.8.3/node_modules/typescript": {
      "version": "5.8.3",
      "dev": true,
      "license": "Apache-2.0",
      "bin": {
        "tsc": "bin/tsc",
        "tsserver": "bin/tsserver"
      },
      "devDependencies": {
        "@dprint/formatter": "^0.4.1",
        "@dprint/typescript": "0.93.3",
        "@esfx/canceltoken": "^1.0.0",
        "@eslint/js": "^9.17.0",
        "@octokit/rest": "^21.0.2",
        "@types/chai": "^4.3.20",
        "@types/diff": "^5.2.3",
        "@types/minimist": "^1.2.5",
        "@types/mocha": "^10.0.10",
        "@types/ms": "^0.7.34",
        "@types/node": "latest",
        "@types/source-map-support": "^0.5.10",
        "@types/which": "^3.0.4",
        "@typescript-eslint/rule-tester": "^8.18.1",
        "@typescript-eslint/type-utils": "^8.18.1",
        "@typescript-eslint/utils": "^8.18.1",
        "azure-devops-node-api": "^14.1.0",
        "c8": "^10.1.3",
        "chai": "^4.5.0",
        "chalk": "^4.1.2",
        "chokidar": "^3.6.0",
        "diff": "^5.2.0",
        "dprint": "^0.47.6",
        "esbuild": "^0.24.0",
        "eslint": "^9.17.0",
        "eslint-formatter-autolinkable-stylish": "^1.4.0",
        "eslint-plugin-regexp": "^2.7.0",
        "fast-xml-parser": "^4.5.1",
        "glob": "^10.4.5",
        "globals": "^15.13.0",
        "hereby": "^1.10.0",
        "jsonc-parser": "^3.3.1",
        "knip": "^5.41.0",
        "minimist": "^1.2.8",
        "mocha": "^10.8.2",
        "mocha-fivemat-progress-reporter": "^0.1.0",
        "monocart-coverage-reports": "^2.11.4",
        "ms": "^2.1.3",
        "playwright": "^1.49.1",
        "source-map-support": "^0.5.21",
        "tslib": "^2.8.1",
        "typescript": "^5.7.2",
        "typescript-eslint": "^8.18.1",
        "which": "^3.0.1"
      },
      "engines": {
        "node": ">=14.17"
      }
    },
    "node_modules/@nomicfoundation/hardhat-ignition": {
      "resolved": "../../node_modules/.pnpm/@nomicfoundation+hardhat-ignition@3.0.3_@nomicfoundation+hardhat-verify@3.0.2_hardhat@3_5722f12c6a879bf35e299503a49b8be3/node_modules/@nomicfoundation/hardhat-ignition",
      "link": true
    },
    "node_modules/@nomicfoundation/hardhat-toolbox-mocha-ethers": {
      "resolved": "../../node_modules/.pnpm/@nomicfoundation+hardhat-toolbox-mocha-ethers@3.0.0_6e1b23fa97d891c7c17ed060e2a71284/node_modules/@nomicfoundation/hardhat-toolbox-mocha-ethers",
      "link": true
    },
    "node_modules/@types/chai": {
      "resolved": "../../node_modules/.pnpm/@types+chai@4.3.20/node_modules/@types/chai",
      "link": true
    },
    "node_modules/@types/chai-as-promised": {
      "resolved": "../../node_modules/.pnpm/@types+chai-as-promised@8.0.2/node_modules/@types/chai-as-promised",
      "link": true
    },
    "node_modules/@types/mocha": {
      "version": "10.0.10",
      "resolved": "https://registry.npmjs.org/@types/mocha/-/mocha-10.0.10.tgz",
      "integrity": "sha512-xPyYSz1cMPnJQhl0CLMH68j3gprKZaTjG3s5Vi+fDgx+uhG9NOXwbVt52eFS8ECyXhyKcjDLCBEqBExKuiZb7Q==",
      "dev": true,
      "license": "MIT"
    },
    "node_modules/@types/node": {
      "resolved": "../../node_modules/.pnpm/@types+node@22.18.3/node_modules/@types/node",
      "link": true
    },
    "node_modules/chai": {
      "resolved": "../../node_modules/.pnpm/chai@5.3.3/node_modules/chai",
      "link": true
    },
    "node_modules/ethers": {
      "resolved": "../../node_modules/.pnpm/ethers@6.15.0_bufferutil@4.0.9_utf-8-validate@5.0.10/node_modules/ethers",
      "link": true
    },
    "node_modules/forge-std": {
      "version": "1.9.4",
      "resolved": "git+ssh://git@github.com/foundry-rs/forge-std.git#1eea5bae12ae557d589f9f0f0edae2faa47cb262",
      "dev": true,
      "license": "(Apache-2.0 OR MIT)"
    },
    "node_modules/hardhat": {
      "resolved": "../../node_modules/.pnpm/hardhat@3.0.6_bufferutil@4.0.9_utf-8-validate@5.0.10/node_modules/hardhat",
      "link": true
    },
    "node_modules/mocha": {
      "resolved": "../../node_modules/.pnpm/mocha@11.7.2/node_modules/mocha",
      "link": true
    },
    "node_modules/typescript": {
      "resolved": "../../node_modules/.pnpm/typescript@5.8.3/node_modules/typescript",
      "link": true
    }
  }
}
